
Microsoft Visual Studio Solution File, Format Version 12.00
# Visual Studio 14
VisualStudioVersion = 14.0.25420.1
MinimumVisualStudioVersion = 10.0.40219.1
Project("{FAE04EC0-301F-11D3-BF4B-00C04F79EFBC}") = "NTF", "NTF\NTF.csproj", "{C6866FDE-933B-4152-827E-481728548BBB}"
EndProject
Project("{FAE04EC0-301F-11D3-BF4B-00C04F79EFBC}") = "NTF.RabbitMQ", "NTF.RabbitMQ\NTF.RabbitMQ.csproj", "{D5B983D8-C96E-4AD8-9EBA-A73E0C8FC694}"
EndProject
Project("{FAE04EC0-301F-11D3-BF4B-00C04F79EFBC}") = "Test", "Test\Test.csproj", "{5A529257-0B52-463E-AF74-894171DCC493}"
EndProject
Global
	GlobalSection(SolutionConfigurationPlatforms) = preSolution
		Debug|Any CPU = Debug|Any CPU
		Release|Any CPU = Release|Any CPU
	EndGlobalSection
	GlobalSection(ProjectConfigurationPlatforms) = postSolution
		{C6866FDE-933B-4152-827E-481728548BBB}.Debug|Any CPU.ActiveCfg = Debug|Any CPU
		{C6866FDE-933B-4152-827E-481728548BBB}.Debug|Any CPU.Build.0 = Debug|Any CPU
		{C6866FDE-933B-4152-827E-481728548BBB}.Release|Any CPU.ActiveCfg = Release|Any CPU
		{C6866FDE-933B-4152-827E-481728548BBB}.Release|Any CPU.Build.0 = Release|Any CPU
		{D5B983D8-C96E-4AD8-9EBA-A73E0C8FC694}.Debug|Any CPU.ActiveCfg = Debug|Any CPU
		{D5B983D8-C96E-4AD8-9EBA-A73E0C8FC694}.Debug|Any CPU.Build.0 = Debug|Any CPU
		{D5B983D8-C96E-4AD8-9EBA-A73E0C8FC694}.Release|Any CPU.ActiveCfg = Release|Any CPU
		{D5B983D8-C96E-4AD8-9EBA-A73E0C8FC694}.Release|Any CPU.Build.0 = Release|Any CPU
		{5A529257-0B52-463E-AF74-894171DCC493}.Debug|Any CPU.ActiveCfg = Debug|Any CPU
		{5A529257-0B52-463E-AF74-894171DCC493}.Debug|Any CPU.Build.0 = Debug|Any CPU
		{5A529257-0B52-463E-AF74-894171DCC493}.Release|Any CPU.ActiveCfg = Release|Any CPU
		{5A529257-0B52-463E-AF74-894171DCC493}.Release|Any CPU.Build.0 = Release|Any CPU
	EndGlobalSection
	GlobalSection(SolutionProperties) = preSolution
		HideSolutionNode = FALSE
	EndGlobalSection
EndGlobal
